
Microsoft Visual Studio Solution File, Format Version 12.00
# Visual Studio Version 17
VisualStudioVersion = 17.12.35527.113
MinimumVisualStudioVersion = 10.0.40219.1
Project("{2150E333-8FDC-42A3-9474-1A3956D46DE8}") = "task_03_04", "task_03_04", "{21920A04-21AC-4B01-9C2D-D43DF6D51EB2}"
EndProject
Project("{FAE04EC0-301F-11D3-BF4B-00C04F79EFBC}") = "task_03_04", "task_03_04\task_03_04.csproj", "{569C0A38-92F8-4BA5-ABD0-920026FF7CC5}"
EndProject
Project("{2150E333-8FDC-42A3-9474-1A3956D46DE8}") = "task_03_05", "task_03_05", "{425D6B56-BDDE-445D-A212-3D1FA75FE960}"
EndProject
Project("{FAE04EC0-301F-11D3-BF4B-00C04F79EFBC}") = "task_03_05", "task_03__05\task_03_05.csproj", "{B06DDA32-311A-4ABF-A3C6-E4BEF2C81A39}"
EndProject
Project("{2150E333-8FDC-42A3-9474-1A3956D46DE8}") = "task_03_06", "task_03_06", "{1AECA46C-E105-4612-A9E1-597ECEC314D7}"
EndProject
Project("{FAE04EC0-301F-11D3-BF4B-00C04F79EFBC}") = "task_03_06", "task_03_06\task_03_06.csproj", "{D567078A-CE56-4E9F-9FA0-2A504618B268}"
EndProject
Project("{2150E333-8FDC-42A3-9474-1A3956D46DE8}") = "task_03_07", "task_03_07", "{F1BF5818-28E2-415E-BF8F-4539A6688C29}"
EndProject
Project("{FAE04EC0-301F-11D3-BF4B-00C04F79EFBC}") = "task_03_07", "task_03_07\task_03_07.csproj", "{C295B21A-E409-45C3-B81E-AF5C6F64FD50}"
EndProject
Project("{2150E333-8FDC-42A3-9474-1A3956D46DE8}") = "task_03_08", "task_03_08", "{110629AC-1876-4901-A41C-C5AAD6817228}"
EndProject
Project("{FAE04EC0-301F-11D3-BF4B-00C04F79EFBC}") = "task_03_08", "task_03_08\task_03_08.csproj", "{903F9B2D-DE11-4791-9A70-BD78ECB99EF6}"
EndProject
Project("{2150E333-8FDC-42A3-9474-1A3956D46DE8}") = "task_03_09", "task_03_09", "{45DA6ECB-31E5-4402-95E8-DB44C229E176}"
EndProject
Project("{FAE04EC0-301F-11D3-BF4B-00C04F79EFBC}") = "task_03_09", "task_03_09\task_03_09.csproj", "{498B4F77-1DFB-48E5-BCC9-79A0FC68A12C}"
EndProject
Project("{2150E333-8FDC-42A3-9474-1A3956D46DE8}") = "lesson_04", "lesson_04", "{B63AA5A1-AFFC-4232-931C-6D657D682618}"
EndProject
Project("{FAE04EC0-301F-11D3-BF4B-00C04F79EFBC}") = "task_04_05", "task_04_05\task_04_05.csproj", "{80318F79-0884-4CD5-8197-3FF1FDA2202B}"
EndProject
Project("{FAE04EC0-301F-11D3-BF4B-00C04F79EFBC}") = "task_04_06", "task_04_06\task_04_06.csproj", "{EE269C2F-E83B-4909-A206-F428EB3C41DB}"
EndProject
Project("{FAE04EC0-301F-11D3-BF4B-00C04F79EFBC}") = "task_04_07", "task_04_07\task_04_07.csproj", "{613680E9-815E-4EAC-BD4F-B4C5E0A4A5B1}"
EndProject
Project("{FAE04EC0-301F-11D3-BF4B-00C04F79EFBC}") = "task_04_08", "task_04_08\task_04_08.csproj", "{0DC32D04-434B-4FA2-8280-937CFFB087DB}"
EndProject
Project("{FAE04EC0-301F-11D3-BF4B-00C04F79EFBC}") = "task_04_09", "task_04_09\task_04_09.csproj", "{0B2E16AE-5646-4BE0-AE17-3EC37D35F39D}"
EndProject
Project("{FAE04EC0-301F-11D3-BF4B-00C04F79EFBC}") = "task_04_10", "task_04_10\task_04_10.csproj", "{8E6C82AC-45E2-44D1-A76F-B01F2798B356}"
EndProject
Project("{2150E333-8FDC-42A3-9474-1A3956D46DE8}") = "lesson_05", "lesson_05", "{197C62AE-9E8E-440E-9627-A5AA8C1B8C39}"
EndProject
Project("{FAE04EC0-301F-11D3-BF4B-00C04F79EFBC}") = "task_05_03", "task_05__03\task_05_03.csproj", "{3D7E141A-F2FD-4516-B1B6-1CC433505FA3}"
EndProject
Project("{FAE04EC0-301F-11D3-BF4B-00C04F79EFBC}") = "task_05_04", "task_05_04\task_05_04.csproj", "{9DE3B620-F062-409F-BB2C-2D28DB05F7DF}"
EndProject
Global
	GlobalSection(SolutionConfigurationPlatforms) = preSolution
		Debug|Any CPU = Debug|Any CPU
		Release|Any CPU = Release|Any CPU
	EndGlobalSection
	GlobalSection(ProjectConfigurationPlatforms) = postSolution
		{569C0A38-92F8-4BA5-ABD0-920026FF7CC5}.Debug|Any CPU.ActiveCfg = Debug|Any CPU
		{569C0A38-92F8-4BA5-ABD0-920026FF7CC5}.Debug|Any CPU.Build.0 = Debug|Any CPU
		{569C0A38-92F8-4BA5-ABD0-920026FF7CC5}.Release|Any CPU.ActiveCfg = Release|Any CPU
		{569C0A38-92F8-4BA5-ABD0-920026FF7CC5}.Release|Any CPU.Build.0 = Release|Any CPU
		{B06DDA32-311A-4ABF-A3C6-E4BEF2C81A39}.Debug|Any CPU.ActiveCfg = Debug|Any CPU
		{B06DDA32-311A-4ABF-A3C6-E4BEF2C81A39}.Debug|Any CPU.Build.0 = Debug|Any CPU
		{B06DDA32-311A-4ABF-A3C6-E4BEF2C81A39}.Release|Any CPU.ActiveCfg = Release|Any CPU
		{B06DDA32-311A-4ABF-A3C6-E4BEF2C81A39}.Release|Any CPU.Build.0 = Release|Any CPU
		{D567078A-CE56-4E9F-9FA0-2A504618B268}.Debug|Any CPU.ActiveCfg = Debug|Any CPU
		{D567078A-CE56-4E9F-9FA0-2A504618B268}.Debug|Any CPU.Build.0 = Debug|Any CPU
		{D567078A-CE56-4E9F-9FA0-2A504618B268}.Release|Any CPU.ActiveCfg = Release|Any CPU
		{D567078A-CE56-4E9F-9FA0-2A504618B268}.Release|Any CPU.Build.0 = Release|Any CPU
		{C295B21A-E409-45C3-B81E-AF5C6F64FD50}.Debug|Any CPU.ActiveCfg = Debug|Any CPU
		{C295B21A-E409-45C3-B81E-AF5C6F64FD50}.Debug|Any CPU.Build.0 = Debug|Any CPU
		{C295B21A-E409-45C3-B81E-AF5C6F64FD50}.Release|Any CPU.ActiveCfg = Release|Any CPU
		{C295B21A-E409-45C3-B81E-AF5C6F64FD50}.Release|Any CPU.Build.0 = Release|Any CPU
		{903F9B2D-DE11-4791-9A70-BD78ECB99EF6}.Debug|Any CPU.ActiveCfg = Debug|Any CPU
		{903F9B2D-DE11-4791-9A70-BD78ECB99EF6}.Debug|Any CPU.Build.0 = Debug|Any CPU
		{903F9B2D-DE11-4791-9A70-BD78ECB99EF6}.Release|Any CPU.ActiveCfg = Release|Any CPU
		{903F9B2D-DE11-4791-9A70-BD78ECB99EF6}.Release|Any CPU.Build.0 = Release|Any CPU
		{498B4F77-1DFB-48E5-BCC9-79A0FC68A12C}.Debug|Any CPU.ActiveCfg = Debug|Any CPU
		{498B4F77-1DFB-48E5-BCC9-79A0FC68A12C}.Debug|Any CPU.Build.0 = Debug|Any CPU
		{498B4F77-1DFB-48E5-BCC9-79A0FC68A12C}.Release|Any CPU.ActiveCfg = Release|Any CPU
		{498B4F77-1DFB-48E5-BCC9-79A0FC68A12C}.Release|Any CPU.Build.0 = Release|Any CPU
		{80318F79-0884-4CD5-8197-3FF1FDA2202B}.Debug|Any CPU.ActiveCfg = Debug|Any CPU
		{80318F79-0884-4CD5-8197-3FF1FDA2202B}.Debug|Any CPU.Build.0 = Debug|Any CPU
		{80318F79-0884-4CD5-8197-3FF1FDA2202B}.Release|Any CPU.ActiveCfg = Release|Any CPU
		{80318F79-0884-4CD5-8197-3FF1FDA2202B}.Release|Any CPU.Build.0 = Release|Any CPU
		{EE269C2F-E83B-4909-A206-F428EB3C41DB}.Debug|Any CPU.ActiveCfg = Debug|Any CPU
		{EE269C2F-E83B-4909-A206-F428EB3C41DB}.Debug|Any CPU.Build.0 = Debug|Any CPU
		{EE269C2F-E83B-4909-A206-F428EB3C41DB}.Release|Any CPU.ActiveCfg = Release|Any CPU
		{EE269C2F-E83B-4909-A206-F428EB3C41DB}.Release|Any CPU.Build.0 = Release|Any CPU
		{613680E9-815E-4EAC-BD4F-B4C5E0A4A5B1}.Debug|Any CPU.ActiveCfg = Debug|Any CPU
		{613680E9-815E-4EAC-BD4F-B4C5E0A4A5B1}.Debug|Any CPU.Build.0 = Debug|Any CPU
		{613680E9-815E-4EAC-BD4F-B4C5E0A4A5B1}.Release|Any CPU.ActiveCfg = Release|Any CPU
		{613680E9-815E-4EAC-BD4F-B4C5E0A4A5B1}.Release|Any CPU.Build.0 = Release|Any CPU
		{0DC32D04-434B-4FA2-8280-937CFFB087DB}.Debug|Any CPU.ActiveCfg = Debug|Any CPU
		{0DC32D04-434B-4FA2-8280-937CFFB087DB}.Debug|Any CPU.Build.0 = Debug|Any CPU
		{0DC32D04-434B-4FA2-8280-937CFFB087DB}.Release|Any CPU.ActiveCfg = Release|Any CPU
		{0DC32D04-434B-4FA2-8280-937CFFB087DB}.Release|Any CPU.Build.0 = Release|Any CPU
		{0B2E16AE-5646-4BE0-AE17-3EC37D35F39D}.Debug|Any CPU.ActiveCfg = Debug|Any CPU
		{0B2E16AE-5646-4BE0-AE17-3EC37D35F39D}.Debug|Any CPU.Build.0 = Debug|Any CPU
		{0B2E16AE-5646-4BE0-AE17-3EC37D35F39D}.Release|Any CPU.ActiveCfg = Release|Any CPU
		{0B2E16AE-5646-4BE0-AE17-3EC37D35F39D}.Release|Any CPU.Build.0 = Release|Any CPU
		{8E6C82AC-45E2-44D1-A76F-B01F2798B356}.Debug|Any CPU.ActiveCfg = Debug|Any CPU
		{8E6C82AC-45E2-44D1-A76F-B01F2798B356}.Debug|Any CPU.Build.0 = Debug|Any CPU
		{8E6C82AC-45E2-44D1-A76F-B01F2798B356}.Release|Any CPU.ActiveCfg = Release|Any CPU
		{8E6C82AC-45E2-44D1-A76F-B01F2798B356}.Release|Any CPU.Build.0 = Release|Any CPU
		{3D7E141A-F2FD-4516-B1B6-1CC433505FA3}.Debug|Any CPU.ActiveCfg = Debug|Any CPU
		{3D7E141A-F2FD-4516-B1B6-1CC433505FA3}.Debug|Any CPU.Build.0 = Debug|Any CPU
		{3D7E141A-F2FD-4516-B1B6-1CC433505FA3}.Release|Any CPU.ActiveCfg = Release|Any CPU
		{3D7E141A-F2FD-4516-B1B6-1CC433505FA3}.Release|Any CPU.Build.0 = Release|Any CPU
		{9DE3B620-F062-409F-BB2C-2D28DB05F7DF}.Debug|Any CPU.ActiveCfg = Debug|Any CPU
		{9DE3B620-F062-409F-BB2C-2D28DB05F7DF}.Debug|Any CPU.Build.0 = Debug|Any CPU
		{9DE3B620-F062-409F-BB2C-2D28DB05F7DF}.Release|Any CPU.ActiveCfg = Release|Any CPU
		{9DE3B620-F062-409F-BB2C-2D28DB05F7DF}.Release|Any CPU.Build.0 = Release|Any CPU
	EndGlobalSection
	GlobalSection(SolutionProperties) = preSolution
		HideSolutionNode = FALSE
	EndGlobalSection
	GlobalSection(NestedProjects) = preSolution
		{569C0A38-92F8-4BA5-ABD0-920026FF7CC5} = {21920A04-21AC-4B01-9C2D-D43DF6D51EB2}
		{B06DDA32-311A-4ABF-A3C6-E4BEF2C81A39} = {425D6B56-BDDE-445D-A212-3D1FA75FE960}
		{D567078A-CE56-4E9F-9FA0-2A504618B268} = {1AECA46C-E105-4612-A9E1-597ECEC314D7}
		{C295B21A-E409-45C3-B81E-AF5C6F64FD50} = {F1BF5818-28E2-415E-BF8F-4539A6688C29}
		{903F9B2D-DE11-4791-9A70-BD78ECB99EF6} = {110629AC-1876-4901-A41C-C5AAD6817228}
		{498B4F77-1DFB-48E5-BCC9-79A0FC68A12C} = {45DA6ECB-31E5-4402-95E8-DB44C229E176}
		{80318F79-0884-4CD5-8197-3FF1FDA2202B} = {B63AA5A1-AFFC-4232-931C-6D657D682618}
		{EE269C2F-E83B-4909-A206-F428EB3C41DB} = {B63AA5A1-AFFC-4232-931C-6D657D682618}
		{613680E9-815E-4EAC-BD4F-B4C5E0A4A5B1} = {B63AA5A1-AFFC-4232-931C-6D657D682618}
		{0DC32D04-434B-4FA2-8280-937CFFB087DB} = {B63AA5A1-AFFC-4232-931C-6D657D682618}
		{0B2E16AE-5646-4BE0-AE17-3EC37D35F39D} = {B63AA5A1-AFFC-4232-931C-6D657D682618}
		{8E6C82AC-45E2-44D1-A76F-B01F2798B356} = {B63AA5A1-AFFC-4232-931C-6D657D682618}
		{3D7E141A-F2FD-4516-B1B6-1CC433505FA3} = {197C62AE-9E8E-440E-9627-A5AA8C1B8C39}
		{9DE3B620-F062-409F-BB2C-2D28DB05F7DF} = {197C62AE-9E8E-440E-9627-A5AA8C1B8C39}
	EndGlobalSection
EndGlobal
