
Microsoft Visual Studio Solution File, Format Version 12.00
# Visual Studio Version 17
VisualStudioVersion = 17.12.35527.113
MinimumVisualStudioVersion = 10.0.40219.1
Project("{2150E333-8FDC-42A3-9474-1A3956D46DE8}") = "task_03_04", "task_03_04", "{21920A04-21AC-4B01-9C2D-D43DF6D51EB2}"
EndProject
Project("{FAE04EC0-301F-11D3-BF4B-00C04F79EFBC}") = "task_03_04", "task_03_04\task_03_04.csproj", "{569C0A38-92F8-4BA5-ABD0-920026FF7CC5}"
EndProject
Project("{2150E333-8FDC-42A3-9474-1A3956D46DE8}") = "task_03_05", "task_03_05", "{425D6B56-BDDE-445D-A212-3D1FA75FE960}"
EndProject
Project("{FAE04EC0-301F-11D3-BF4B-00C04F79EFBC}") = "task_03_05", "task_03__05\task_03_05.csproj", "{B06DDA32-311A-4ABF-A3C6-E4BEF2C81A39}"
EndProject
Project("{2150E333-8FDC-42A3-9474-1A3956D46DE8}") = "task_03_06", "task_03_06", "{1AECA46C-E105-4612-A9E1-597ECEC314D7}"
EndProject
Project("{FAE04EC0-301F-11D3-BF4B-00C04F79EFBC}") = "task_03_06", "task_03_06\task_03_06.csproj", "{D567078A-CE56-4E9F-9FA0-2A504618B268}"
EndProject
Project("{2150E333-8FDC-42A3-9474-1A3956D46DE8}") = "task_03_07", "task_03_07", "{F1BF5818-28E2-415E-BF8F-4539A6688C29}"
EndProject
Project("{FAE04EC0-301F-11D3-BF4B-00C04F79EFBC}") = "task_03_07", "task_03_07\task_03_07.csproj", "{C295B21A-E409-45C3-B81E-AF5C6F64FD50}"
EndProject
Project("{2150E333-8FDC-42A3-9474-1A3956D46DE8}") = "task_03_08", "task_03_08", "{110629AC-1876-4901-A41C-C5AAD6817228}"
EndProject
Project("{FAE04EC0-301F-11D3-BF4B-00C04F79EFBC}") = "task_03_08", "task_03_08\task_03_08.csproj", "{903F9B2D-DE11-4791-9A70-BD78ECB99EF6}"
EndProject
Global
	GlobalSection(SolutionConfigurationPlatforms) = preSolution
		Debug|Any CPU = Debug|Any CPU
		Release|Any CPU = Release|Any CPU
	EndGlobalSection
	GlobalSection(ProjectConfigurationPlatforms) = postSolution
		{569C0A38-92F8-4BA5-ABD0-920026FF7CC5}.Debug|Any CPU.ActiveCfg = Debug|Any CPU
		{569C0A38-92F8-4BA5-ABD0-920026FF7CC5}.Debug|Any CPU.Build.0 = Debug|Any CPU
		{569C0A38-92F8-4BA5-ABD0-920026FF7CC5}.Release|Any CPU.ActiveCfg = Release|Any CPU
		{569C0A38-92F8-4BA5-ABD0-920026FF7CC5}.Release|Any CPU.Build.0 = Release|Any CPU
		{B06DDA32-311A-4ABF-A3C6-E4BEF2C81A39}.Debug|Any CPU.ActiveCfg = Debug|Any CPU
		{B06DDA32-311A-4ABF-A3C6-E4BEF2C81A39}.Debug|Any CPU.Build.0 = Debug|Any CPU
		{B06DDA32-311A-4ABF-A3C6-E4BEF2C81A39}.Release|Any CPU.ActiveCfg = Release|Any CPU
		{B06DDA32-311A-4ABF-A3C6-E4BEF2C81A39}.Release|Any CPU.Build.0 = Release|Any CPU
		{D567078A-CE56-4E9F-9FA0-2A504618B268}.Debug|Any CPU.ActiveCfg = Debug|Any CPU
		{D567078A-CE56-4E9F-9FA0-2A504618B268}.Debug|Any CPU.Build.0 = Debug|Any CPU
		{D567078A-CE56-4E9F-9FA0-2A504618B268}.Release|Any CPU.ActiveCfg = Release|Any CPU
		{D567078A-CE56-4E9F-9FA0-2A504618B268}.Release|Any CPU.Build.0 = Release|Any CPU
		{C295B21A-E409-45C3-B81E-AF5C6F64FD50}.Debug|Any CPU.ActiveCfg = Debug|Any CPU
		{C295B21A-E409-45C3-B81E-AF5C6F64FD50}.Debug|Any CPU.Build.0 = Debug|Any CPU
		{C295B21A-E409-45C3-B81E-AF5C6F64FD50}.Release|Any CPU.ActiveCfg = Release|Any CPU
		{C295B21A-E409-45C3-B81E-AF5C6F64FD50}.Release|Any CPU.Build.0 = Release|Any CPU
		{903F9B2D-DE11-4791-9A70-BD78ECB99EF6}.Debug|Any CPU.ActiveCfg = Debug|Any CPU
		{903F9B2D-DE11-4791-9A70-BD78ECB99EF6}.Debug|Any CPU.Build.0 = Debug|Any CPU
		{903F9B2D-DE11-4791-9A70-BD78ECB99EF6}.Release|Any CPU.ActiveCfg = Release|Any CPU
		{903F9B2D-DE11-4791-9A70-BD78ECB99EF6}.Release|Any CPU.Build.0 = Release|Any CPU
	EndGlobalSection
	GlobalSection(SolutionProperties) = preSolution
		HideSolutionNode = FALSE
	EndGlobalSection
	GlobalSection(NestedProjects) = preSolution
		{569C0A38-92F8-4BA5-ABD0-920026FF7CC5} = {21920A04-21AC-4B01-9C2D-D43DF6D51EB2}
		{B06DDA32-311A-4ABF-A3C6-E4BEF2C81A39} = {425D6B56-BDDE-445D-A212-3D1FA75FE960}
		{D567078A-CE56-4E9F-9FA0-2A504618B268} = {1AECA46C-E105-4612-A9E1-597ECEC314D7}
		{C295B21A-E409-45C3-B81E-AF5C6F64FD50} = {F1BF5818-28E2-415E-BF8F-4539A6688C29}
		{903F9B2D-DE11-4791-9A70-BD78ECB99EF6} = {110629AC-1876-4901-A41C-C5AAD6817228}
	EndGlobalSection
EndGlobal
